
Microsoft Visual Studio Solution File, Format Version 12.00
# Visual Studio Version 17
VisualStudioVersion = 17.14.36811.4 d17.14
MinimumVisualStudioVersion = 10.0.40219.1
Project("{FAE04EC0-301F-11D3-BF4B-00C04F79EFBC}") = "BudgetCalculator", "BudgetCalculator\BudgetCalculator.csproj", "{37B583D9-0D97-4FCC-BDE3-CDF240E39747}"
EndProject
Global
	GlobalSection(SolutionConfigurationPlatforms) = preSolution
		Debug|Any CPU = Debug|Any CPU
		Release|Any CPU = Release|Any CPU
	EndGlobalSection
	GlobalSection(ProjectConfigurationPlatforms) = postSolution
		{37B583D9-0D97-4FCC-BDE3-CDF240E39747}.Debug|Any CPU.ActiveCfg = Debug|Any CPU
		{37B583D9-0D97-4FCC-BDE3-CDF240E39747}.Debug|Any CPU.Build.0 = Debug|Any CPU
		{37B583D9-0D97-4FCC-BDE3-CDF240E39747}.Release|Any CPU.ActiveCfg = Release|Any CPU
		{37B583D9-0D97-4FCC-BDE3-CDF240E39747}.Release|Any CPU.Build.0 = Release|Any CPU
	EndGlobalSection
	GlobalSection(SolutionProperties) = preSolution
		HideSolutionNode = FALSE
	EndGlobalSection
	GlobalSection(ExtensibilityGlobals) = postSolution
		SolutionGuid = {1A74D192-5570-4B8C-BD0B-2543AB3758C4}
	EndGlobalSection
EndGlobal
